
Microsoft Visual Studio Solution File, Format Version 12.00
# Visual Studio 15
VisualStudioVersion = 15.0.28307.489
MinimumVisualStudioVersion = 10.0.40219.1
Project("{FAE04EC0-301F-11D3-BF4B-00C04F79EFBC}") = "ZohoDesk Add-in", "ZohoDesk Add-in\ZohoDesk Add-in.csproj", "{1AAFB889-4B91-4586-B25D-879062E17677}"
EndProject
Project("{FAE04EC0-301F-11D3-BF4B-00C04F79EFBC}") = "ZohoDesk Add-inWeb", "ZohoDesk Add-inWeb\ZohoDesk Add-inWeb.csproj", "{05C25817-FBA0-4083-B975-1BA7809EFFDE}"
EndProject
Global
	GlobalSection(SolutionConfigurationPlatforms) = preSolution
		Debug|Any CPU = Debug|Any CPU
		Release|Any CPU = Release|Any CPU
	EndGlobalSection
	GlobalSection(ProjectConfigurationPlatforms) = postSolution
		{1AAFB889-4B91-4586-B25D-879062E17677}.Debug|Any CPU.ActiveCfg = Debug|Any CPU
		{1AAFB889-4B91-4586-B25D-879062E17677}.Debug|Any CPU.Build.0 = Debug|Any CPU
		{1AAFB889-4B91-4586-B25D-879062E17677}.Debug|Any CPU.Deploy.0 = Debug|Any CPU
		{1AAFB889-4B91-4586-B25D-879062E17677}.Release|Any CPU.ActiveCfg = Release|Any CPU
		{1AAFB889-4B91-4586-B25D-879062E17677}.Release|Any CPU.Build.0 = Release|Any CPU
		{1AAFB889-4B91-4586-B25D-879062E17677}.Release|Any CPU.Deploy.0 = Release|Any CPU
		{05C25817-FBA0-4083-B975-1BA7809EFFDE}.Debug|Any CPU.ActiveCfg = Debug|Any CPU
		{05C25817-FBA0-4083-B975-1BA7809EFFDE}.Debug|Any CPU.Build.0 = Debug|Any CPU
		{05C25817-FBA0-4083-B975-1BA7809EFFDE}.Release|Any CPU.ActiveCfg = Release|Any CPU
		{05C25817-FBA0-4083-B975-1BA7809EFFDE}.Release|Any CPU.Build.0 = Release|Any CPU
	EndGlobalSection
	GlobalSection(SolutionProperties) = preSolution
		HideSolutionNode = FALSE
	EndGlobalSection
	GlobalSection(ExtensibilityGlobals) = postSolution
		SolutionGuid = {48ECAF69-59C6-4246-855F-76EC7DB4781A}
	EndGlobalSection
EndGlobal
